
Microsoft Visual Studio Solution File, Format Version 12.00
# Visual Studio 15
VisualStudioVersion = 15.0.27130.2036
MinimumVisualStudioVersion = 10.0.40219.1
Project("{8BC9CEB8-8B4A-11D0-8D11-00A0C91BC942}") = "CotaIntretinere 2019 Hash", "CotaIntretinere 2019 Hash\CotaIntretinere 2019 Hash.vcxproj", "{C680CCA9-BD8B-45DA-9C21-85CFC20542B6}"
EndProject
Global
	GlobalSection(SolutionConfigurationPlatforms) = preSolution
		Debug|x64 = Debug|x64
		Debug|x86 = Debug|x86
		Release|x64 = Release|x64
		Release|x86 = Release|x86
	EndGlobalSection
	GlobalSection(ProjectConfigurationPlatforms) = postSolution
		{C680CCA9-BD8B-45DA-9C21-85CFC20542B6}.Debug|x64.ActiveCfg = Debug|x64
		{C680CCA9-BD8B-45DA-9C21-85CFC20542B6}.Debug|x64.Build.0 = Debug|x64
		{C680CCA9-BD8B-45DA-9C21-85CFC20542B6}.Debug|x86.ActiveCfg = Debug|Win32
		{C680CCA9-BD8B-45DA-9C21-85CFC20542B6}.Debug|x86.Build.0 = Debug|Win32
		{C680CCA9-BD8B-45DA-9C21-85CFC20542B6}.Release|x64.ActiveCfg = Release|x64
		{C680CCA9-BD8B-45DA-9C21-85CFC20542B6}.Release|x64.Build.0 = Release|x64
		{C680CCA9-BD8B-45DA-9C21-85CFC20542B6}.Release|x86.ActiveCfg = Release|Win32
		{C680CCA9-BD8B-45DA-9C21-85CFC20542B6}.Release|x86.Build.0 = Release|Win32
	EndGlobalSection
	GlobalSection(SolutionProperties) = preSolution
		HideSolutionNode = FALSE
	EndGlobalSection
	GlobalSection(ExtensibilityGlobals) = postSolution
		SolutionGuid = {C3778545-C171-45D7-B06C-3839E72E632A}
	EndGlobalSection
EndGlobal
